Microsoft Visual Studio Solution File, Format Version 12.00
# Visual Studio Version 17
VisualStudioVersion = 17.5.2.0
MinimumVisualStudioVersion = 10.0.40219.1
Project("{FAE04EC0-301F-11D3-BF4B-00C04F79EFBC}") = "CarreraBarras", "CarreraBarras.csproj", "{16981429-A84F-29C2-A686-9BB1ECCB89C5}"
EndProject
Global
	GlobalSection(SolutionConfigurationPlatforms) = preSolution
		Debug|Any CPU = Debug|Any CPU
		Release|Any CPU = Release|Any CPU
	EndGlobalSection
	GlobalSection(ProjectConfigurationPlatforms) = postSolution
		{16981429-A84F-29C2-A686-9BB1ECCB89C5}.Debug|Any CPU.ActiveCfg = Debug|Any CPU
		{16981429-A84F-29C2-A686-9BB1ECCB89C5}.Debug|Any CPU.Build.0 = Debug|Any CPU
		{16981429-A84F-29C2-A686-9BB1ECCB89C5}.Release|Any CPU.ActiveCfg = Release|Any CPU
		{16981429-A84F-29C2-A686-9BB1ECCB89C5}.Release|Any CPU.Build.0 = Release|Any CPU
	EndGlobalSection
	GlobalSection(SolutionProperties) = preSolution
		HideSolutionNode = FALSE
	EndGlobalSection
	GlobalSection(ExtensibilityGlobals) = postSolution
		SolutionGuid = {5AB22725-F45D-4AE7-B3FA-EBC45E0226FD}
	EndGlobalSection
EndGlobal
